
Microsoft Visual Studio Solution File, Format Version 12.00
# Visual Studio 15
VisualStudioVersion = 15.0.28307.438
MinimumVisualStudioVersion = 10.0.40219.1
Project("{9A19103F-16F7-4668-BE54-9A1E7A4F7556}") = "Core.Identity.TableStorage", "src\Core.Identity.TableStorage.csproj", "{935DC5BF-76F1-4C54-910C-61AA2514184F}"
EndProject
Global
	GlobalSection(SolutionConfigurationPlatforms) = preSolution
		Debug|Any CPU = Debug|Any CPU
		Release|Any CPU = Release|Any CPU
	EndGlobalSection
	GlobalSection(ProjectConfigurationPlatforms) = postSolution
		{935DC5BF-76F1-4C54-910C-61AA2514184F}.Debug|Any CPU.ActiveCfg = Debug|Any CPU
		{935DC5BF-76F1-4C54-910C-61AA2514184F}.Debug|Any CPU.Build.0 = Debug|Any CPU
		{935DC5BF-76F1-4C54-910C-61AA2514184F}.Release|Any CPU.ActiveCfg = Release|Any CPU
		{935DC5BF-76F1-4C54-910C-61AA2514184F}.Release|Any CPU.Build.0 = Release|Any CPU
	EndGlobalSection
	GlobalSection(SolutionProperties) = preSolution
		HideSolutionNode = FALSE
	EndGlobalSection
	GlobalSection(ExtensibilityGlobals) = postSolution
		SolutionGuid = {FBB1F9CD-88E3-49EE-BB83-31F4E42E15B7}
	EndGlobalSection
EndGlobal
